// !$*UTF8*$!
{
	archiveVersion = 1;
	classes = {
	};
	objectVersion = 46;
	objects = {

/* Begin PBXFileReference section */
		372FA33515C96CB400C441C2 /* Global.java */ = {isa = PBXFileReference; lastKnownFileType = sourcecode.java; path = Global.java; sourceTree = "<group>"; };
		372FA33615C96CBD00C441C2 /* Node.java */ = {isa = PBXFileReference; lastKnownFileType = sourcecode.java; path = Node.java; sourceTree = "<group>"; };
		372FA33715C96CC200C441C2 /* Network.java */ = {isa = PBXFileReference; lastKnownFileType = sourcecode.java; path = Network.java; sourceTree = "<group>"; };
		372FA33815C96CC700C441C2 /* Molecule.java */ = {isa = PBXFileReference; lastKnownFileType = sourcecode.java; path = Molecule.java; sourceTree = "<group>"; };
		372FA33915C96CCC00C441C2 /* Main.java */ = {isa = PBXFileReference; lastKnownFileType = sourcecode.java; path = Main.java; sourceTree = "<group>"; };
		372FA33D15CA8A3400C441C2 /* Reaction.java */ = {isa = PBXFileReference; lastKnownFileType = sourcecode.java; path = Reaction.java; sourceTree = "<group>"; };
		377DC3FA15DA79A5002C98C0 /* Graph.java */ = {isa = PBXFileReference; lastKnownFileType = sourcecode.java; path = Graph.java; sourceTree = "<group>"; };
		37CA1F5715CFC71A00B20662 /* DataOutput.java */ = {isa = PBXFileReference; lastKnownFileType = sourcecode.java; path = DataOutput.java; sourceTree = "<group>"; };
/* End PBXFileReference section */

/* Begin PBXGroup section */
		372FA32C15C96CAC00C441C2 = {
			isa = PBXGroup;
			children = (
				377DC3FA15DA79A5002C98C0 /* Graph.java */,
				372FA33515C96CB400C441C2 /* Global.java */,
				372FA33615C96CBD00C441C2 /* Node.java */,
				372FA33715C96CC200C441C2 /* Network.java */,
				372FA33815C96CC700C441C2 /* Molecule.java */,
				372FA33915C96CCC00C441C2 /* Main.java */,
				372FA33D15CA8A3400C441C2 /* Reaction.java */,
				37CA1F5715CFC71A00B20662 /* DataOutput.java */,
			);
			sourceTree = "<group>";
		};
/* End PBXGroup section */

/* Begin PBXProject section */
		372FA32E15C96CAC00C441C2 /* Project object */ = {
			isa = PBXProject;
			attributes = {
				LastUpgradeCheck = 0430;
			};
			buildConfigurationList = 372FA33115C96CAC00C441C2 /* Build configuration list for PBXProject "RBNWorld" */;
			compatibilityVersion = "Xcode 3.2";
			developmentRegion = English;
			hasScannedForEncodings = 0;
			knownRegions = (
				en,
			);
			mainGroup = 372FA32C15C96CAC00C441C2;
			projectDirPath = "";
			projectRoot = "";
			targets = (
			);
		};
/* End PBXProject section */

/* Begin XCBuildConfiguration section */
		372FA33315C96CAC00C441C2 /* Debug */ = {
			isa = XCBuildConfiguration;
			buildSettings = {
			};
			name = Debug;
		};
		372FA33415C96CAC00C441C2 /* Release */ = {
			isa = XCBuildConfiguration;
			buildSettings = {
			};
			name = Release;
		};
/* End XCBuildConfiguration section */

/* Begin XCConfigurationList section */
		372FA33115C96CAC00C441C2 /* Build configuration list for PBXProject "RBNWorld" */ = {
			isa = XCConfigurationList;
			buildConfigurations = (
				372FA33315C96CAC00C441C2 /* Debug */,
				372FA33415C96CAC00C441C2 /* Release */,
			);
			defaultConfigurationIsVisible = 0;
			defaultConfigurationName = Release;
		};
/* End XCConfigurationList section */
	};
	rootObject = 372FA32E15C96CAC00C441C2 /* Project object */;
}
